{
  "name": "@kelsus/api-spot-package",
  "version": "1.4.7",
  "lockfileVersion": 2,
  "requires": true,
  "packages": {
    "": {
      "name": "@kelsus/api-spot-package",
      "version": "1.3.40",
      "license": "ISC",
      "bin": {
        "api-spot-package": "bin/npx.js"
      },
      "engines": {
        "node": ">=12.0.0"
      }
    }
  }
}
